{
  "name": "uiCheck",
  "lockfileVersion": 3,
  "requires": true,
  "packages": {
    "": {
      "dependencies": {
        "@anthropic-ai/claude-agent-sdk-darwin-arm64": "^0.3.148"
      }
    },
    "node_modules/@anthropic-ai/claude-agent-sdk-darwin-arm64": {
      "version": "0.3.148",
      "resolved": "https://registry.npmjs.org/@anthropic-ai/claude-agent-sdk-darwin-arm64/-/claude-agent-sdk-darwin-arm64-0.3.148.tgz",
      "integrity": "sha512-DNkhbT0Jiqo5iM+9HmejIg2eJVFQyvq2SC9h6iqOQSGRkFrbP1FN7rJpflHMb1nb3sAHZzjaDc5/tTczy5H3/Q==",
      "cpu": [
        "arm64"
      ],
      "license": "SEE LICENSE IN LICENSE.md",
      "os": [
        "darwin"
      ]
    }
  }
}
