{
  "name": "uiCheck",
  "lockfileVersion": 3,
  "requires": true,
  "packages": {
    "": {
      "dependencies": {
        "@anthropic-ai/claude-agent-sdk-darwin-arm64": "^0.3.149"
      }
    },
    "node_modules/@anthropic-ai/claude-agent-sdk-darwin-arm64": {
      "version": "0.3.149",
      "resolved": "https://registry.npmjs.org/@anthropic-ai/claude-agent-sdk-darwin-arm64/-/claude-agent-sdk-darwin-arm64-0.3.149.tgz",
      "integrity": "sha512-dcUEASmmIeoWs3pLhg8H0jukh9q/Y5nQjW44uS8kzw5i5ILCx6OPZL6EF/fN1Gr02WHen55E8ib6gi8BwW+gZA==",
      "cpu": [
        "arm64"
      ],
      "license": "SEE LICENSE IN LICENSE.md",
      "os": [
        "darwin"
      ]
    }
  }
}
