{
  "name": "uiCheck",
  "lockfileVersion": 3,
  "requires": true,
  "packages": {
    "": {
      "dependencies": {
        "@anthropic-ai/claude-agent-sdk-darwin-arm64": "^0.3.150"
      }
    },
    "node_modules/@anthropic-ai/claude-agent-sdk-darwin-arm64": {
      "version": "0.3.150",
      "resolved": "https://registry.npmjs.org/@anthropic-ai/claude-agent-sdk-darwin-arm64/-/claude-agent-sdk-darwin-arm64-0.3.150.tgz",
      "integrity": "sha512-YVWJ0MHdSy0tobHO2G5/+vd9iRGyosg3wM6sY4pirezsnwZJBkJv/9IeVIaKqdLv83OA6HUcxxOLGzKSBawq2Q==",
      "cpu": [
        "arm64"
      ],
      "license": "SEE LICENSE IN LICENSE.md",
      "os": [
        "darwin"
      ]
    }
  }
}
